// !$*UTF8*$!
{
	archiveVersion = 1;
	classes = {
	};
	objectVersion = 56;
	objects = {

/* Begin PBXBuildFile section */
		12FB0DB8CB4E804FEE261FBB /* Pods_ForNetworking.framework in Frameworks */ = {isa = PBXBuildFile; fileRef = B2AB89844C86553A5C510EEB /* Pods_ForNetworking.framework */; };
		7C36984A2C3D931700EB63A6 /* AFHTTP.swift in Sources */ = {isa = PBXBuildFile; fileRef = 7C3698492C3D931700EB63A6 /* AFHTTP.swift */; };
		7C3698512C3D948F00EB63A6 /* MainNView.swift in Sources */ = {isa = PBXBuildFile; fileRef = 7C3698502C3D948F00EB63A6 /* MainNView.swift */; };
		7C3698532C3D94CB00EB63A6 /* PostF.swift in Sources */ = {isa = PBXBuildFile; fileRef = 7C3698522C3D94CB00EB63A6 /* PostF.swift */; };
		7CF07B692C3D927B00531E52 /* ForNetworkingApp.swift in Sources */ = {isa = PBXBuildFile; fileRef = 7CF07B682C3D927B00531E52 /* ForNetworkingApp.swift */; };
		7CF07B6B2C3D927B00531E52 /* ContentView.swift in Sources */ = {isa = PBXBuildFile; fileRef = 7CF07B6A2C3D927B00531E52 /* ContentView.swift */; };
		7CF07B6D2C3D928100531E52 /* Assets.xcassets in Resources */ = {isa = PBXBuildFile; fileRef = 7CF07B6C2C3D928100531E52 /* Assets.xcassets */; };
		7CF07B702C3D928100531E52 /* Preview Assets.xcassets in Resources */ = {isa = PBXBuildFile; fileRef = 7CF07B6F2C3D928100531E52 /* Preview Assets.xcassets */; };
/* End PBXBuildFile section */

/* Begin PBXFileReference section */
		7C3698492C3D931700EB63A6 /* AFHTTP.swift */ = {isa = PBXFileReference; lastKnownFileType = sourcecode.swift; path = AFHTTP.swift; sourceTree = "<group>"; };
		7C3698502C3D948F00EB63A6 /* MainNView.swift */ = {isa = PBXFileReference; lastKnownFileType = sourcecode.swift; path = MainNView.swift; sourceTree = "<group>"; };
		7C3698522C3D94CB00EB63A6 /* PostF.swift */ = {isa = PBXFileReference; lastKnownFileType = sourcecode.swift; path = PostF.swift; sourceTree = "<group>"; };
		7CF07B652C3D927B00531E52 /* ForNetworking.app */ = {isa = PBXFileReference; explicitFileType = wrapper.application; includeInIndex = 0; path = ForNetworking.app; sourceTree = BUILT_PRODUCTS_DIR; };
		7CF07B682C3D927B00531E52 /* ForNetworkingApp.swift */ = {isa = PBXFileReference; lastKnownFileType = sourcecode.swift; path = ForNetworkingApp.swift; sourceTree = "<group>"; };
		7CF07B6A2C3D927B00531E52 /* ContentView.swift */ = {isa = PBXFileReference; lastKnownFileType = sourcecode.swift; path = ContentView.swift; sourceTree = "<group>"; };
		7CF07B6C2C3D928100531E52 /* Assets.xcassets */ = {isa = PBXFileReference; lastKnownFileType = folder.assetcatalog; path = Assets.xcassets; sourceTree = "<group>"; };
		7CF07B6F2C3D928100531E52 /* Preview Assets.xcassets */ = {isa = PBXFileReference; lastKnownFileType = folder.assetcatalog; path = "Preview Assets.xcassets"; sourceTree = "<group>"; };
		B2AB89844C86553A5C510EEB /* Pods_ForNetworking.framework */ = {isa = PBXFileReference; explicitFileType = wrapper.framework; includeInIndex = 0; path = Pods_ForNetworking.framework; sourceTree = BUILT_PRODUCTS_DIR; };
		CFE947FEE531E402445A480E /* Pods-ForNetworking.debug.xcconfig */ = {isa = PBXFileReference; includeInIndex = 1; lastKnownFileType = text.xcconfig; name = "Pods-ForNetworking.debug.xcconfig"; path = "Target Support Files/Pods-ForNetworking/Pods-ForNetworking.debug.xcconfig"; sourceTree = "<group>"; };
		F341FAF6CDD4ED4CF9486AB5 /* Pods-ForNetworking.release.xcconfig */ = {isa = PBXFileReference; includeInIndex = 1; lastKnownFileType = text.xcconfig; name = "Pods-ForNetworking.release.xcconfig"; path = "Target Support Files/Pods-ForNetworking/Pods-ForNetworking.release.xcconfig"; sourceTree = "<group>"; };
/* End PBXFileReference section */

/* Begin PBXFrameworksBuildPhase section */
		7CF07B622C3D927B00531E52 /* Frameworks */ = {
			isa = PBXFrameworksBuildPhase;
			buildActionMask = 2147483647;
			files = (
				12FB0DB8CB4E804FEE261FBB /* Pods_ForNetworking.framework in Frameworks */,
			);
			runOnlyForDeploymentPostprocessing = 0;
		};
/* End PBXFrameworksBuildPhase section */

/* Begin PBXGroup section */
		32EF12230980869FCC0E4352 /* Pods */ = {
			isa = PBXGroup;
			children = (
				CFE947FEE531E402445A480E /* Pods-ForNetworking.debug.xcconfig */,
				F341FAF6CDD4ED4CF9486AB5 /* Pods-ForNetworking.release.xcconfig */,
			);
			name = Pods;
			path = Pods;
			sourceTree = "<group>";
		};
		38C9019DED90BEF4BA793331 /* Frameworks */ = {
			isa = PBXGroup;
			children = (
				B2AB89844C86553A5C510EEB /* Pods_ForNetworking.framework */,
			);
			name = Frameworks;
			sourceTree = "<group>";
		};
		7CF07B5C2C3D927B00531E52 = {
			isa = PBXGroup;
			children = (
				7CF07B672C3D927B00531E52 /* ForNetworking */,
				7CF07B662C3D927B00531E52 /* Products */,
				32EF12230980869FCC0E4352 /* Pods */,
				38C9019DED90BEF4BA793331 /* Frameworks */,
			);
			sourceTree = "<group>";
		};
		7CF07B662C3D927B00531E52 /* Products */ = {
			isa = PBXGroup;
			children = (
				7CF07B652C3D927B00531E52 /* ForNetworking.app */,
			);
			name = Products;
			sourceTree = "<group>";
		};
		7CF07B672C3D927B00531E52 /* ForNetworking */ = {
			isa = PBXGroup;
			children = (
				7CF07B682C3D927B00531E52 /* ForNetworkingApp.swift */,
				7CF07B6A2C3D927B00531E52 /* ContentView.swift */,
				7CF07B762C3D928D00531E52 /* Networking */,
				7CF07B6C2C3D928100531E52 /* Assets.xcassets */,
				7CF07B6E2C3D928100531E52 /* Preview Content */,
			);
			path = ForNetworking;
			sourceTree = "<group>";
		};
		7CF07B6E2C3D928100531E52 /* Preview Content */ = {
			isa = PBXGroup;
			children = (
				7CF07B6F2C3D928100531E52 /* Preview Assets.xcassets */,
			);
			path = "Preview Content";
			sourceTree = "<group>";
		};
		7CF07B762C3D928D00531E52 /* Networking */ = {
			isa = PBXGroup;
			children = (
				7C3698492C3D931700EB63A6 /* AFHTTP.swift */,
				7CF07B782C3D92A100531E52 /* Views */,
				7CF07B772C3D929800531E52 /* Models */,
			);
			path = Networking;
			sourceTree = "<group>";
		};
		7CF07B772C3D929800531E52 /* Models */ = {
			isa = PBXGroup;
			children = (
				7C3698522C3D94CB00EB63A6 /* PostF.swift */,
			);
			path = Models;
			sourceTree = "<group>";
		};
		7CF07B782C3D92A100531E52 /* Views */ = {
			isa = PBXGroup;
			children = (
				7C3698502C3D948F00EB63A6 /* MainNView.swift */,
			);
			path = Views;
			sourceTree = "<group>";
		};
/* End PBXGroup section */

/* Begin PBXNativeTarget section */
		7CF07B642C3D927B00531E52 /* ForNetworking */ = {
			isa = PBXNativeTarget;
			buildConfigurationList = 7CF07B732C3D928100531E52 /* Build configuration list for PBXNativeTarget "ForNetworking" */;
			buildPhases = (
				D684559F5EC78F82EF1E7CFC /* [CP] Check Pods Manifest.lock */,
				7CF07B612C3D927B00531E52 /* Sources */,
				7CF07B622C3D927B00531E52 /* Frameworks */,
				7CF07B632C3D927B00531E52 /* Resources */,
				B31ED95436D05E688189628D /* [CP] Embed Pods Frameworks */,
			);
			buildRules = (
			);
			dependencies = (
			);
			name = ForNetworking;
			productName = ForNetworking;
			productReference = 7CF07B652C3D927B00531E52 /* ForNetworking.app */;
			productType = "com.apple.product-type.application";
		};
/* End PBXNativeTarget section */

/* Begin PBXProject section */
		7CF07B5D2C3D927B00531E52 /* Project object */ = {
			isa = PBXProject;
			attributes = {
				BuildIndependentTargetsInParallel = 1;
				LastSwiftUpdateCheck = 1420;
				LastUpgradeCheck = 1420;
				TargetAttributes = {
					7CF07B642C3D927B00531E52 = {
						CreatedOnToolsVersion = 14.2;
					};
				};
			};
			buildConfigurationList = 7CF07B602C3D927B00531E52 /* Build configuration list for PBXProject "ForNetworking" */;
			compatibilityVersion = "Xcode 14.0";
			developmentRegion = en;
			hasScannedForEncodings = 0;
			knownRegions = (
				en,
				Base,
			);
			mainGroup = 7CF07B5C2C3D927B00531E52;
			productRefGroup = 7CF07B662C3D927B00531E52 /* Products */;
			projectDirPath = "";
			projectRoot = "";
			targets = (
				7CF07B642C3D927B00531E52 /* ForNetworking */,
			);
		};
/* End PBXProject section */

/* Begin PBXResourcesBuildPhase section */
		7CF07B632C3D927B00531E52 /* Resources */ = {
			isa = PBXResourcesBuildPhase;
			buildActionMask = 2147483647;
			files = (
				7CF07B702C3D928100531E52 /* Preview Assets.xcassets in Resources */,
				7CF07B6D2C3D928100531E52 /* Assets.xcassets in Resources */,
			);
			runOnlyForDeploymentPostprocessing = 0;
		};
/* End PBXResourcesBuildPhase section */

/* Begin PBXShellScriptBuildPhase section */
		B31ED95436D05E688189628D /* [CP] Embed Pods Frameworks */ = {
			isa = PBXShellScriptBuildPhase;
			buildActionMask = 2147483647;
			files = (
			);
			inputFileListPaths = (
				"${PODS_ROOT}/Target Support Files/Pods-ForNetworking/Pods-ForNetworking-frameworks-${CONFIGURATION}-input-files.xcfilelist",
			);
			name = "[CP] Embed Pods Frameworks";
			outputFileListPaths = (
				"${PODS_ROOT}/Target Support Files/Pods-ForNetworking/Pods-ForNetworking-frameworks-${CONFIGURATION}-output-files.xcfilelist",
			);
			runOnlyForDeploymentPostprocessing = 0;
			shellPath = /bin/sh;
			shellScript = "\"${PODS_ROOT}/Target Support Files/Pods-ForNetworking/Pods-ForNetworking-frameworks.sh\"\n";
			showEnvVarsInLog = 0;
		};
		D684559F5EC78F82EF1E7CFC /* [CP] Check Pods Manifest.lock */ = {
			isa = PBXShellScriptBuildPhase;
			buildActionMask = 2147483647;
			files = (
			);
			inputFileListPaths = (
			);
			inputPaths = (
				"${PODS_PODFILE_DIR_PATH}/Podfile.lock",
				"${PODS_ROOT}/Manifest.lock",
			);
			name = "[CP] Check Pods Manifest.lock";
			outputFileListPaths = (
			);
			outputPaths = (
				"$(DERIVED_FILE_DIR)/Pods-ForNetworking-checkManifestLockResult.txt",
			);
			runOnlyForDeploymentPostprocessing = 0;
			shellPath = /bin/sh;
			shellScript = "diff \"${PODS_PODFILE_DIR_PATH}/Podfile.lock\" \"${PODS_ROOT}/Manifest.lock\" > /dev/null\nif [ $? != 0 ] ; then\n    # print error to STDERR\n    echo \"error: The sandbox is not in sync with the Podfile.lock. Run 'pod install' or update your CocoaPods installation.\" >&2\n    exit 1\nfi\n# This output is used by Xcode 'outputs' to avoid re-running this script phase.\necho \"SUCCESS\" > \"${SCRIPT_OUTPUT_FILE_0}\"\n";
			showEnvVarsInLog = 0;
		};
/* End PBXShellScriptBuildPhase section */

/* Begin PBXSourcesBuildPhase section */
		7CF07B612C3D927B00531E52 /* Sources */ = {
			isa = PBXSourcesBuildPhase;
			buildActionMask = 2147483647;
			files = (
				7C3698512C3D948F00EB63A6 /* MainNView.swift in Sources */,
				7CF07B6B2C3D927B00531E52 /* ContentView.swift in Sources */,
				7C36984A2C3D931700EB63A6 /* AFHTTP.swift in Sources */,
				7CF07B692C3D927B00531E52 /* ForNetworkingApp.swift in Sources */,
				7C3698532C3D94CB00EB63A6 /* PostF.swift in Sources */,
			);
			runOnlyForDeploymentPostprocessing = 0;
		};
/* End PBXSourcesBuildPhase section */

/* Begin XCBuildConfiguration section */
		7CF07B712C3D928100531E52 /* Debug */ = {
			isa = XCBuildConfiguration;
			buildSettings = {
				ALWAYS_SEARCH_USER_PATHS = NO;
				CLANG_ANALYZER_NONNULL = YES;
				CLANG_ANALYZER_NUMBER_OBJECT_CONVERSION = YES_AGGRESSIVE;
				CLANG_CXX_LANGUAGE_STANDARD = "gnu++20";
				CLANG_ENABLE_MODULES = YES;
				CLANG_ENABLE_OBJC_ARC = YES;
				CLANG_ENABLE_OBJC_WEAK = YES;
				CLANG_WARN_BLOCK_CAPTURE_AUTORELEASING = YES;
				CLANG_WARN_BOOL_CONVERSION = YES;
				CLANG_WARN_COMMA = YES;
				CLANG_WARN_CONSTANT_CONVERSION = YES;
				CLANG_WARN_DEPRECATED_OBJC_IMPLEMENTATIONS = YES;
				CLANG_WARN_DIRECT_OBJC_ISA_USAGE = YES_ERROR;
				CLANG_WARN_DOCUMENTATION_COMMENTS = YES;
				CLANG_WARN_EMPTY_BODY = YES;
				CLANG_WARN_ENUM_CONVERSION = YES;
				CLANG_WARN_INFINITE_RECURSION = YES;
				CLANG_WARN_INT_CONVERSION = YES;
				CLANG_WARN_NON_LITERAL_NULL_CONVERSION = YES;
				CLANG_WARN_OBJC_IMPLICIT_RETAIN_SELF = YES;
				CLANG_WARN_OBJC_LITERAL_CONVERSION = YES;
				CLANG_WARN_OBJC_ROOT_CLASS = YES_ERROR;
				CLANG_WARN_QUOTED_INCLUDE_IN_FRAMEWORK_HEADER = YES;
				CLANG_WARN_RANGE_LOOP_ANALYSIS = YES;
				CLANG_WARN_STRICT_PROTOTYPES = YES;
				CLANG_WARN_SUSPICIOUS_MOVE = YES;
				CLANG_WARN_UNGUARDED_AVAILABILITY = YES_AGGRESSIVE;
				CLANG_WARN_UNREACHABLE_CODE = YES;
				CLANG_WARN__DUPLICATE_METHOD_MATCH = YES;
				COPY_PHASE_STRIP = NO;
				DEBUG_INFORMATION_FORMAT = dwarf;
				ENABLE_STRICT_OBJC_MSGSEND = YES;
				ENABLE_TESTABILITY = YES;
				GCC_C_LANGUAGE_STANDARD = gnu11;
				GCC_DYNAMIC_NO_PIC = NO;
				GCC_NO_COMMON_BLOCKS = YES;
				GCC_OPTIMIZATION_LEVEL = 0;
				GCC_PREPROCESSOR_DEFINITIONS = (
					"DEBUG=1",
					"$(inherited)",
				);
				GCC_WARN_64_TO_32_BIT_CONVERSION = YES;
				GCC_WARN_ABOUT_RETURN_TYPE = YES_ERROR;
				GCC_WARN_UNDECLARED_SELECTOR = YES;
				GCC_WARN_UNINITIALIZED_AUTOS = YES_AGGRESSIVE;
				GCC_WARN_UNUSED_FUNCTION = YES;
				GCC_WARN_UNUSED_VARIABLE = YES;
				IPHONEOS_DEPLOYMENT_TARGET = 16.2;
				MTL_ENABLE_DEBUG_INFO = INCLUDE_SOURCE;
				MTL_FAST_MATH = YES;
				ONLY_ACTIVE_ARCH = YES;
				SDKROOT = iphoneos;
				SWIFT_ACTIVE_COMPILATION_CONDITIONS = DEBUG;
				SWIFT_OPTIMIZATION_LEVEL = "-Onone";
			};
			name = Debug;
		};
		7CF07B722C3D928100531E52 /* Release */ = {
			isa = XCBuildConfiguration;
			buildSettings = {
				ALWAYS_SEARCH_USER_PATHS = NO;
				CLANG_ANALYZER_NONNULL = YES;
				CLANG_ANALYZER_NUMBER_OBJECT_CONVERSION = YES_AGGRESSIVE;
				CLANG_CXX_LANGUAGE_STANDARD = "gnu++20";
				CLANG_ENABLE_MODULES = YES;
				CLANG_ENABLE_OBJC_ARC = YES;
				CLANG_ENABLE_OBJC_WEAK = YES;
				CLANG_WARN_BLOCK_CAPTURE_AUTORELEASING = YES;
				CLANG_WARN_BOOL_CONVERSION = YES;
				CLANG_WARN_COMMA = YES;
				CLANG_WARN_CONSTANT_CONVERSION = YES;
				CLANG_WARN_DEPRECATED_OBJC_IMPLEMENTATIONS = YES;
				CLANG_WARN_DIRECT_OBJC_ISA_USAGE = YES_ERROR;
				CLANG_WARN_DOCUMENTATION_COMMENTS = YES;
				CLANG_WARN_EMPTY_BODY = YES;
				CLANG_WARN_ENUM_CONVERSION = YES;
				CLANG_WARN_INFINITE_RECURSION = YES;
				CLANG_WARN_INT_CONVERSION = YES;
				CLANG_WARN_NON_LITERAL_NULL_CONVERSION = YES;
				CLANG_WARN_OBJC_IMPLICIT_RETAIN_SELF = YES;
				CLANG_WARN_OBJC_LITERAL_CONVERSION = YES;
				CLANG_WARN_OBJC_ROOT_CLASS = YES_ERROR;
				CLANG_WARN_QUOTED_INCLUDE_IN_FRAMEWORK_HEADER = YES;
				CLANG_WARN_RANGE_LOOP_ANALYSIS = YES;
				CLANG_WARN_STRICT_PROTOTYPES = YES;
				CLANG_WARN_SUSPICIOUS_MOVE = YES;
				CLANG_WARN_UNGUARDED_AVAILABILITY = YES_AGGRESSIVE;
				CLANG_WARN_UNREACHABLE_CODE = YES;
				CLANG_WARN__DUPLICATE_METHOD_MATCH = YES;
				COPY_PHASE_STRIP = NO;
				DEBUG_INFORMATION_FORMAT = "dwarf-with-dsym";
				ENABLE_NS_ASSERTIONS = NO;
				ENABLE_STRICT_OBJC_MSGSEND = YES;
				GCC_C_LANGUAGE_STANDARD = gnu11;
				GCC_NO_COMMON_BLOCKS = YES;
				GCC_WARN_64_TO_32_BIT_CONVERSION = YES;
				GCC_WARN_ABOUT_RETURN_TYPE = YES_ERROR;
				GCC_WARN_UNDECLARED_SELECTOR = YES;
				GCC_WARN_UNINITIALIZED_AUTOS = YES_AGGRESSIVE;
				GCC_WARN_UNUSED_FUNCTION = YES;
				GCC_WARN_UNUSED_VARIABLE = YES;
				IPHONEOS_DEPLOYMENT_TARGET = 16.2;
				MTL_ENABLE_DEBUG_INFO = NO;
				MTL_FAST_MATH = YES;
				SDKROOT = iphoneos;
				SWIFT_COMPILATION_MODE = wholemodule;
				SWIFT_OPTIMIZATION_LEVEL = "-O";
				VALIDATE_PRODUCT = YES;
			};
			name = Release;
		};
		7CF07B742C3D928100531E52 /* Debug */ = {
			isa = XCBuildConfiguration;
			baseConfigurationReference = CFE947FEE531E402445A480E /* Pods-ForNetworking.debug.xcconfig */;
			buildSettings = {
				ASSETCATALOG_COMPILER_APPICON_NAME = AppIcon;
				ASSETCATALOG_COMPILER_GLOBAL_ACCENT_COLOR_NAME = AccentColor;
				CODE_SIGN_STYLE = Automatic;
				CURRENT_PROJECT_VERSION = 1;
				DEVELOPMENT_ASSET_PATHS = "\"ForNetworking/Preview Content\"";
				ENABLE_PREVIEWS = YES;
				GENERATE_INFOPLIST_FILE = YES;
				INFOPLIST_KEY_UIApplicationSceneManifest_Generation = YES;
				INFOPLIST_KEY_UIApplicationSupportsIndirectInputEvents = YES;
				INFOPLIST_KEY_UILaunchScreen_Generation = YES;
				INFOPLIST_KEY_UISupportedInterfaceOrientations_iPad = "UIInterfaceOrientationPortrait UIInterfaceOrientationPortraitUpsideDown UIInterfaceOrientationLandscapeLeft UIInterfaceOrientationLandscapeRight";
				INFOPLIST_KEY_UISupportedInterfaceOrientations_iPhone = "UIInterfaceOrientationPortrait UIInterfaceOrientationLandscapeLeft UIInterfaceOrientationLandscapeRight";
				LD_RUNPATH_SEARCH_PATHS = (
					"$(inherited)",
					"@executable_path/Frameworks",
				);
				MARKETING_VERSION = 1.0;
				PRODUCT_BUNDLE_IDENTIFIER = samandar.ForNetworking;
				PRODUCT_NAME = "$(TARGET_NAME)";
				SWIFT_EMIT_LOC_STRINGS = YES;
				SWIFT_VERSION = 5.0;
				TARGETED_DEVICE_FAMILY = "1,2";
			};
			name = Debug;
		};
		7CF07B752C3D928100531E52 /* Release */ = {
			isa = XCBuildConfiguration;
			baseConfigurationReference = F341FAF6CDD4ED4CF9486AB5 /* Pods-ForNetworking.release.xcconfig */;
			buildSettings = {
				ASSETCATALOG_COMPILER_APPICON_NAME = AppIcon;
				ASSETCATALOG_COMPILER_GLOBAL_ACCENT_COLOR_NAME = AccentColor;
				CODE_SIGN_STYLE = Automatic;
				CURRENT_PROJECT_VERSION = 1;
				DEVELOPMENT_ASSET_PATHS = "\"ForNetworking/Preview Content\"";
				ENABLE_PREVIEWS = YES;
				GENERATE_INFOPLIST_FILE = YES;
				INFOPLIST_KEY_UIApplicationSceneManifest_Generation = YES;
				INFOPLIST_KEY_UIApplicationSupportsIndirectInputEvents = YES;
				INFOPLIST_KEY_UILaunchScreen_Generation = YES;
				INFOPLIST_KEY_UISupportedInterfaceOrientations_iPad = "UIInterfaceOrientationPortrait UIInterfaceOrientationPortraitUpsideDown UIInterfaceOrientationLandscapeLeft UIInterfaceOrientationLandscapeRight";
				INFOPLIST_KEY_UISupportedInterfaceOrientations_iPhone = "UIInterfaceOrientationPortrait UIInterfaceOrientationLandscapeLeft UIInterfaceOrientationLandscapeRight";
				LD_RUNPATH_SEARCH_PATHS = (
					"$(inherited)",
					"@executable_path/Frameworks",
				);
				MARKETING_VERSION = 1.0;
				PRODUCT_BUNDLE_IDENTIFIER = samandar.ForNetworking;
				PRODUCT_NAME = "$(TARGET_NAME)";
				SWIFT_EMIT_LOC_STRINGS = YES;
				SWIFT_VERSION = 5.0;
				TARGETED_DEVICE_FAMILY = "1,2";
			};
			name = Release;
		};
/* End XCBuildConfiguration section */

/* Begin XCConfigurationList section */
		7CF07B602C3D927B00531E52 /* Build configuration list for PBXProject "ForNetworking" */ = {
			isa = XCConfigurationList;
			buildConfigurations = (
				7CF07B712C3D928100531E52 /* Debug */,
				7CF07B722C3D928100531E52 /* Release */,
			);
			defaultConfigurationIsVisible = 0;
			defaultConfigurationName = Release;
		};
		7CF07B732C3D928100531E52 /* Build configuration list for PBXNativeTarget "ForNetworking" */ = {
			isa = XCConfigurationList;
			buildConfigurations = (
				7CF07B742C3D928100531E52 /* Debug */,
				7CF07B752C3D928100531E52 /* Release */,
			);
			defaultConfigurationIsVisible = 0;
			defaultConfigurationName = Release;
		};
/* End XCConfigurationList section */
	};
	rootObject = 7CF07B5D2C3D927B00531E52 /* Project object */;
}
